
Microsoft Visual Studio Solution File, Format Version 12.00
# Visual Studio Version 16
VisualStudioVersion = 16.0.29609.76
MinimumVisualStudioVersion = 10.0.40219.1
Project("{9A19103F-16F7-4668-BE54-9A1E7A4F7556}") = "BattleShip", "BattleShip\BattleShip.csproj", "{3CE5B634-C1AA-4536-9166-A4D9A3C598D8}"
EndProject
Project("{2150E333-8FDC-42A3-9474-1A3956D46DE8}") = "Solution Items", "Solution Items", "{A678DAE2-E3E8-407C-9165-51E598B67619}"
	ProjectSection(SolutionItems) = preProject
		.editorconfig = .editorconfig
	EndProjectSection
EndProject
Project("{FAE04EC0-301F-11D3-BF4B-00C04F79EFBC}") = "CustomORM", "CustomORM\CustomORM.csproj", "{331FFB48-D9E1-4EA6-B089-689CCDC396F6}"
EndProject
Global
	GlobalSection(SolutionConfigurationPlatforms) = preSolution
		Debug|Any CPU = Debug|Any CPU
		Release|Any CPU = Release|Any CPU
	EndGlobalSection
	GlobalSection(ProjectConfigurationPlatforms) = postSolution
		{3CE5B634-C1AA-4536-9166-A4D9A3C598D8}.Debug|Any CPU.ActiveCfg = Debug|Any CPU
		{3CE5B634-C1AA-4536-9166-A4D9A3C598D8}.Debug|Any CPU.Build.0 = Debug|Any CPU
		{3CE5B634-C1AA-4536-9166-A4D9A3C598D8}.Release|Any CPU.ActiveCfg = Release|Any CPU
		{3CE5B634-C1AA-4536-9166-A4D9A3C598D8}.Release|Any CPU.Build.0 = Release|Any CPU
		{331FFB48-D9E1-4EA6-B089-689CCDC396F6}.Debug|Any CPU.ActiveCfg = Debug|Any CPU
		{331FFB48-D9E1-4EA6-B089-689CCDC396F6}.Debug|Any CPU.Build.0 = Debug|Any CPU
		{331FFB48-D9E1-4EA6-B089-689CCDC396F6}.Release|Any CPU.ActiveCfg = Release|Any CPU
		{331FFB48-D9E1-4EA6-B089-689CCDC396F6}.Release|Any CPU.Build.0 = Release|Any CPU
	EndGlobalSection
	GlobalSection(SolutionProperties) = preSolution
		HideSolutionNode = FALSE
	EndGlobalSection
	GlobalSection(ExtensibilityGlobals) = postSolution
		SolutionGuid = {19F6123F-9578-4E66-9C89-34ECD8E496C5}
	EndGlobalSection
EndGlobal
