
Microsoft Visual Studio Solution File, Format Version 12.00
# Visual Studio Version 16
VisualStudioVersion = 16.0.29609.76
MinimumVisualStudioVersion = 10.0.40219.1
Project("{FAE04EC0-301F-11D3-BF4B-00C04F79EFBC}") = "BattleShip", "BattleShip\BattleShip.csproj", "{3CE5B634-C1AA-4536-9166-A4D9A3C598D8}"
EndProject
Global
	GlobalSection(SolutionConfigurationPlatforms) = preSolution
		Debug|Any CPU = Debug|Any CPU
		Release|Any CPU = Release|Any CPU
	EndGlobalSection
	GlobalSection(ProjectConfigurationPlatforms) = postSolution
		{3CE5B634-C1AA-4536-9166-A4D9A3C598D8}.Debug|Any CPU.ActiveCfg = Debug|Any CPU
		{3CE5B634-C1AA-4536-9166-A4D9A3C598D8}.Debug|Any CPU.Build.0 = Debug|Any CPU
		{3CE5B634-C1AA-4536-9166-A4D9A3C598D8}.Release|Any CPU.ActiveCfg = Release|Any CPU
		{3CE5B634-C1AA-4536-9166-A4D9A3C598D8}.Release|Any CPU.Build.0 = Release|Any CPU
	EndGlobalSection
	GlobalSection(SolutionProperties) = preSolution
		HideSolutionNode = FALSE
	EndGlobalSection
	GlobalSection(ExtensibilityGlobals) = postSolution
		SolutionGuid = {19F6123F-9578-4E66-9C89-34ECD8E496C5}
	EndGlobalSection
EndGlobal
